
Microsoft Visual Studio Solution File, Format Version 12.00
# Visual Studio Version 16
VisualStudioVersion = 16.0.29324.140
MinimumVisualStudioVersion = 10.0.40219.1
Project("{FAE04EC0-301F-11D3-BF4B-00C04F79EFBC}") = "LogBot", "LogBot.csproj", "{AE50868C-53A3-43C9-B16A-96D8B6F54E47}"
EndProject
Global
	GlobalSection(SolutionConfigurationPlatforms) = preSolution
		Debug|Any CPU = Debug|Any CPU
		Release|Any CPU = Release|Any CPU
	EndGlobalSection
	GlobalSection(ProjectConfigurationPlatforms) = postSolution
		{AE50868C-53A3-43C9-B16A-96D8B6F54E47}.Debug|Any CPU.ActiveCfg = Debug|Any CPU
		{AE50868C-53A3-43C9-B16A-96D8B6F54E47}.Debug|Any CPU.Build.0 = Debug|Any CPU
		{AE50868C-53A3-43C9-B16A-96D8B6F54E47}.Release|Any CPU.ActiveCfg = Release|Any CPU
		{AE50868C-53A3-43C9-B16A-96D8B6F54E47}.Release|Any CPU.Build.0 = Release|Any CPU
	EndGlobalSection
	GlobalSection(SolutionProperties) = preSolution
		HideSolutionNode = FALSE
	EndGlobalSection
	GlobalSection(ExtensibilityGlobals) = postSolution
		SolutionGuid = {96B136D3-C173-42B2-AA21-F7D299C2B5F6}
	EndGlobalSection
EndGlobal
